
Microsoft Visual Studio Solution File, Format Version 12.00
# Visual Studio Version 17
VisualStudioVersion = 17.14.36221.1
MinimumVisualStudioVersion = 10.0.40219.1
Project("{FAE04EC0-301F-11D3-BF4B-00C04F79EFBC}") = "WouldYou-ShareMind", "WouldYou-ShareMind.csproj", "{1E48FAC5-F7D8-F471-62C0-DDD764F62C45}"
EndProject
Global
	GlobalSection(SolutionConfigurationPlatforms) = preSolution
		Debug|Any CPU = Debug|Any CPU
		Debug|x64 = Debug|x64
		Debug|x86 = Debug|x86
		Release|Any CPU = Release|Any CPU
		Release|x64 = Release|x64
		Release|x86 = Release|x86
	EndGlobalSection
	GlobalSection(ProjectConfigurationPlatforms) = postSolution
		{1E48FAC5-F7D8-F471-62C0-DDD764F62C45}.Debug|Any CPU.ActiveCfg = Debug|Any CPU
		{1E48FAC5-F7D8-F471-62C0-DDD764F62C45}.Debug|Any CPU.Build.0 = Debug|Any CPU
		{1E48FAC5-F7D8-F471-62C0-DDD764F62C45}.Debug|x64.ActiveCfg = Debug|Any CPU
		{1E48FAC5-F7D8-F471-62C0-DDD764F62C45}.Debug|x64.Build.0 = Debug|Any CPU
		{1E48FAC5-F7D8-F471-62C0-DDD764F62C45}.Debug|x86.ActiveCfg = Debug|Any CPU
		{1E48FAC5-F7D8-F471-62C0-DDD764F62C45}.Debug|x86.Build.0 = Debug|Any CPU
		{1E48FAC5-F7D8-F471-62C0-DDD764F62C45}.Release|Any CPU.ActiveCfg = Release|Any CPU
		{1E48FAC5-F7D8-F471-62C0-DDD764F62C45}.Release|Any CPU.Build.0 = Release|Any CPU
		{1E48FAC5-F7D8-F471-62C0-DDD764F62C45}.Release|x64.ActiveCfg = Release|Any CPU
		{1E48FAC5-F7D8-F471-62C0-DDD764F62C45}.Release|x64.Build.0 = Release|Any CPU
		{1E48FAC5-F7D8-F471-62C0-DDD764F62C45}.Release|x86.ActiveCfg = Release|Any CPU
		{1E48FAC5-F7D8-F471-62C0-DDD764F62C45}.Release|x86.Build.0 = Release|Any CPU
	EndGlobalSection
	GlobalSection(SolutionProperties) = preSolution
		HideSolutionNode = FALSE
	EndGlobalSection
	GlobalSection(ExtensibilityGlobals) = postSolution
		SolutionGuid = {210EE9B4-2B01-4870-8523-9BC44B3E2C41}
	EndGlobalSection
EndGlobal
